
Microsoft Visual Studio Solution File, Format Version 12.00
# Visual Studio 14
VisualStudioVersion = 14.0.25420.1
MinimumVisualStudioVersion = 10.0.40219.1
Project("{FAE04EC0-301F-11D3-BF4B-00C04F79EFBC}") = "TaskManager.API", "TaskManager.Services\TaskManager.API.csproj", "{A69C7935-9196-4D81-B632-E198B2A42B9F}"
EndProject
Project("{FAE04EC0-301F-11D3-BF4B-00C04F79EFBC}") = "TaskManager.BusinessEntities", "TaskManager.Entities\TaskManager.BusinessEntities.csproj", "{F0952C20-17C8-49E6-94F9-80FFF7E517D0}"
EndProject
Project("{FAE04EC0-301F-11D3-BF4B-00C04F79EFBC}") = "TaskManager.DAO", "TaskManager.Repositories\TaskManager.DAO.csproj", "{896AAC05-BD03-4F5C-9722-7E4C87975694}"
EndProject
Project("{FAE04EC0-301F-11D3-BF4B-00C04F79EFBC}") = "TaskManager.BL", "TaskManager.Business\TaskManager.BL.csproj", "{19E59BDA-0F21-4AA7-86FB-F795478939B9}"
EndProject
Project("{FAE04EC0-301F-11D3-BF4B-00C04F79EFBC}") = "TaskManager.BL.Tests", "TaskManager.Business.Tests\TaskManager.BL.Tests.csproj", "{7C293684-4E09-4A60-AD0F-38F4B7D15C1B}"
EndProject
Global
	GlobalSection(SolutionConfigurationPlatforms) = preSolution
		Debug|Any CPU = Debug|Any CPU
		Release|Any CPU = Release|Any CPU
	EndGlobalSection
	GlobalSection(ProjectConfigurationPlatforms) = postSolution
		{A69C7935-9196-4D81-B632-E198B2A42B9F}.Debug|Any CPU.ActiveCfg = Debug|Any CPU
		{A69C7935-9196-4D81-B632-E198B2A42B9F}.Debug|Any CPU.Build.0 = Debug|Any CPU
		{A69C7935-9196-4D81-B632-E198B2A42B9F}.Release|Any CPU.ActiveCfg = Release|Any CPU
		{A69C7935-9196-4D81-B632-E198B2A42B9F}.Release|Any CPU.Build.0 = Release|Any CPU
		{F0952C20-17C8-49E6-94F9-80FFF7E517D0}.Debug|Any CPU.ActiveCfg = Debug|Any CPU
		{F0952C20-17C8-49E6-94F9-80FFF7E517D0}.Debug|Any CPU.Build.0 = Debug|Any CPU
		{F0952C20-17C8-49E6-94F9-80FFF7E517D0}.Release|Any CPU.ActiveCfg = Release|Any CPU
		{F0952C20-17C8-49E6-94F9-80FFF7E517D0}.Release|Any CPU.Build.0 = Release|Any CPU
		{896AAC05-BD03-4F5C-9722-7E4C87975694}.Debug|Any CPU.ActiveCfg = Debug|Any CPU
		{896AAC05-BD03-4F5C-9722-7E4C87975694}.Debug|Any CPU.Build.0 = Debug|Any CPU
		{896AAC05-BD03-4F5C-9722-7E4C87975694}.Release|Any CPU.ActiveCfg = Release|Any CPU
		{896AAC05-BD03-4F5C-9722-7E4C87975694}.Release|Any CPU.Build.0 = Release|Any CPU
		{19E59BDA-0F21-4AA7-86FB-F795478939B9}.Debug|Any CPU.ActiveCfg = Debug|Any CPU
		{19E59BDA-0F21-4AA7-86FB-F795478939B9}.Debug|Any CPU.Build.0 = Debug|Any CPU
		{19E59BDA-0F21-4AA7-86FB-F795478939B9}.Release|Any CPU.ActiveCfg = Release|Any CPU
		{19E59BDA-0F21-4AA7-86FB-F795478939B9}.Release|Any CPU.Build.0 = Release|Any CPU
		{7C293684-4E09-4A60-AD0F-38F4B7D15C1B}.Debug|Any CPU.ActiveCfg = Debug|Any CPU
		{7C293684-4E09-4A60-AD0F-38F4B7D15C1B}.Debug|Any CPU.Build.0 = Debug|Any CPU
		{7C293684-4E09-4A60-AD0F-38F4B7D15C1B}.Release|Any CPU.ActiveCfg = Release|Any CPU
		{7C293684-4E09-4A60-AD0F-38F4B7D15C1B}.Release|Any CPU.Build.0 = Release|Any CPU
	EndGlobalSection
	GlobalSection(SolutionProperties) = preSolution
		HideSolutionNode = FALSE
	EndGlobalSection
EndGlobal
